// !$*UTF8*$!
{
	archiveVersion = 1;
	classes = {
	};
	objectVersion = 56;
	objects = {

/* Begin PBXBuildFile section */
		410897B22BEF84A500E152F2 /* NetworkingManager.swift in Sources */ = {isa = PBXBuildFile; fileRef = 410897B12BEF84A500E152F2 /* NetworkingManager.swift */; };
		4137CC1F2BE61D1500742E45 /* CryptoProjectApp.swift in Sources */ = {isa = PBXBuildFile; fileRef = 4137CC1E2BE61D1500742E45 /* CryptoProjectApp.swift */; };
		4137CC212BE61D1500742E45 /* HomeView.swift in Sources */ = {isa = PBXBuildFile; fileRef = 4137CC202BE61D1500742E45 /* HomeView.swift */; };
		4137CC232BE61D1700742E45 /* Assets.xcassets in Resources */ = {isa = PBXBuildFile; fileRef = 4137CC222BE61D1700742E45 /* Assets.xcassets */; };
		4137CC262BE61D1700742E45 /* Preview Assets.xcassets in Resources */ = {isa = PBXBuildFile; fileRef = 4137CC252BE61D1700742E45 /* Preview Assets.xcassets */; };
		4137CC2E2BE6252100742E45 /* Color.swift in Sources */ = {isa = PBXBuildFile; fileRef = 4137CC2D2BE6252100742E45 /* Color.swift */; };
		4137CC392BE6480A00742E45 /* CircleButtonView.swift in Sources */ = {isa = PBXBuildFile; fileRef = 4137CC382BE6480A00742E45 /* CircleButtonView.swift */; };
		4137CC3B2BE6561100742E45 /* CircleButtonAnimationView.swift in Sources */ = {isa = PBXBuildFile; fileRef = 4137CC3A2BE6561100742E45 /* CircleButtonAnimationView.swift */; };
		4137CC3E2BE65FFC00742E45 /* CoinModel.swift in Sources */ = {isa = PBXBuildFile; fileRef = 4137CC3D2BE65FFC00742E45 /* CoinModel.swift */; };
		41BE1ECF2BEED5FD00FB3467 /* CoinDataService.swift in Sources */ = {isa = PBXBuildFile; fileRef = 41BE1ECE2BEED5FD00FB3467 /* CoinDataService.swift */; };
		41C211F52C49C89E009823BD /* WalletView.swift in Sources */ = {isa = PBXBuildFile; fileRef = 41C211F42C49C89E009823BD /* WalletView.swift */; };
		41C211F72C49CC32009823BD /* SettingsView.swift in Sources */ = {isa = PBXBuildFile; fileRef = 41C211F62C49CC32009823BD /* SettingsView.swift */; };
		41C211F92C49D04E009823BD /* UserProfileView.swift in Sources */ = {isa = PBXBuildFile; fileRef = 41C211F82C49D04E009823BD /* UserProfileView.swift */; };
		41CCA12E2BEFFEBD00416E05 /* CoinImageView.swift in Sources */ = {isa = PBXBuildFile; fileRef = 41CCA12D2BEFFEBD00416E05 /* CoinImageView.swift */; };
		41CCA1302BF00D9800416E05 /* CoinImageService.swift in Sources */ = {isa = PBXBuildFile; fileRef = 41CCA12F2BF00D9800416E05 /* CoinImageService.swift */; };
		41CCA1322BF012E900416E05 /* CoinImageViewModel.swift in Sources */ = {isa = PBXBuildFile; fileRef = 41CCA1312BF012E900416E05 /* CoinImageViewModel.swift */; };
		41D046AA2BECDF4300108B49 /* HomeViewModel.swift in Sources */ = {isa = PBXBuildFile; fileRef = 41D046A92BECDF4300108B49 /* HomeViewModel.swift */; };
		41D41A2C2BF776CC009ADC84 /* LocalFileManager.swift in Sources */ = {isa = PBXBuildFile; fileRef = 41D41A2B2BF776CC009ADC84 /* LocalFileManager.swift */; };
		41D41A2F2BF78130009ADC84 /* SearchBarView.swift in Sources */ = {isa = PBXBuildFile; fileRef = 41D41A2E2BF78130009ADC84 /* SearchBarView.swift */; };
		41D41A312BF789D1009ADC84 /* UIApplication.swift in Sources */ = {isa = PBXBuildFile; fileRef = 41D41A302BF789D1009ADC84 /* UIApplication.swift */; };
		41DCA1F12BEBEC6E00D7AB11 /* CoinRowView.swift in Sources */ = {isa = PBXBuildFile; fileRef = 41DCA1F02BEBEC6E00D7AB11 /* CoinRowView.swift */; };
		41DCA1F32BEBEE3A00D7AB11 /* PreviewProvider.swift in Sources */ = {isa = PBXBuildFile; fileRef = 41DCA1F22BEBEE3A00D7AB11 /* PreviewProvider.swift */; };
		41DCA1F52BEC036B00D7AB11 /* Double.swift in Sources */ = {isa = PBXBuildFile; fileRef = 41DCA1F42BEC036B00D7AB11 /* Double.swift */; };
/* End PBXBuildFile section */

/* Begin PBXFileReference section */
		410897B12BEF84A500E152F2 /* NetworkingManager.swift */ = {isa = PBXFileReference; lastKnownFileType = sourcecode.swift; path = NetworkingManager.swift; sourceTree = "<group>"; };
		4137CC1B2BE61D1500742E45 /* CryptoProject.app */ = {isa = PBXFileReference; explicitFileType = wrapper.application; includeInIndex = 0; path = CryptoProject.app; sourceTree = BUILT_PRODUCTS_DIR; };
		4137CC1E2BE61D1500742E45 /* CryptoProjectApp.swift */ = {isa = PBXFileReference; lastKnownFileType = sourcecode.swift; path = CryptoProjectApp.swift; sourceTree = "<group>"; };
		4137CC202BE61D1500742E45 /* HomeView.swift */ = {isa = PBXFileReference; lastKnownFileType = sourcecode.swift; path = HomeView.swift; sourceTree = "<group>"; };
		4137CC222BE61D1700742E45 /* Assets.xcassets */ = {isa = PBXFileReference; lastKnownFileType = folder.assetcatalog; path = Assets.xcassets; sourceTree = "<group>"; };
		4137CC252BE61D1700742E45 /* Preview Assets.xcassets */ = {isa = PBXFileReference; lastKnownFileType = folder.assetcatalog; path = "Preview Assets.xcassets"; sourceTree = "<group>"; };
		4137CC2D2BE6252100742E45 /* Color.swift */ = {isa = PBXFileReference; lastKnownFileType = sourcecode.swift; path = Color.swift; sourceTree = "<group>"; };
		4137CC382BE6480A00742E45 /* CircleButtonView.swift */ = {isa = PBXFileReference; lastKnownFileType = sourcecode.swift; path = CircleButtonView.swift; sourceTree = "<group>"; };
		4137CC3A2BE6561100742E45 /* CircleButtonAnimationView.swift */ = {isa = PBXFileReference; lastKnownFileType = sourcecode.swift; path = CircleButtonAnimationView.swift; sourceTree = "<group>"; };
		4137CC3D2BE65FFC00742E45 /* CoinModel.swift */ = {isa = PBXFileReference; lastKnownFileType = sourcecode.swift; path = CoinModel.swift; sourceTree = "<group>"; };
		41BE1ECE2BEED5FD00FB3467 /* CoinDataService.swift */ = {isa = PBXFileReference; lastKnownFileType = sourcecode.swift; path = CoinDataService.swift; sourceTree = "<group>"; };
		41C211F42C49C89E009823BD /* WalletView.swift */ = {isa = PBXFileReference; lastKnownFileType = sourcecode.swift; path = WalletView.swift; sourceTree = "<group>"; };
		41C211F62C49CC32009823BD /* SettingsView.swift */ = {isa = PBXFileReference; lastKnownFileType = sourcecode.swift; path = SettingsView.swift; sourceTree = "<group>"; };
		41C211F82C49D04E009823BD /* UserProfileView.swift */ = {isa = PBXFileReference; lastKnownFileType = sourcecode.swift; path = UserProfileView.swift; sourceTree = "<group>"; };
		41CCA12D2BEFFEBD00416E05 /* CoinImageView.swift */ = {isa = PBXFileReference; lastKnownFileType = sourcecode.swift; path = CoinImageView.swift; sourceTree = "<group>"; };
		41CCA12F2BF00D9800416E05 /* CoinImageService.swift */ = {isa = PBXFileReference; lastKnownFileType = sourcecode.swift; path = CoinImageService.swift; sourceTree = "<group>"; };
		41CCA1312BF012E900416E05 /* CoinImageViewModel.swift */ = {isa = PBXFileReference; lastKnownFileType = sourcecode.swift; path = CoinImageViewModel.swift; sourceTree = "<group>"; };
		41D046A92BECDF4300108B49 /* HomeViewModel.swift */ = {isa = PBXFileReference; lastKnownFileType = sourcecode.swift; path = HomeViewModel.swift; sourceTree = "<group>"; };
		41D41A2B2BF776CC009ADC84 /* LocalFileManager.swift */ = {isa = PBXFileReference; lastKnownFileType = sourcecode.swift; path = LocalFileManager.swift; sourceTree = "<group>"; };
		41D41A2E2BF78130009ADC84 /* SearchBarView.swift */ = {isa = PBXFileReference; lastKnownFileType = sourcecode.swift; path = SearchBarView.swift; sourceTree = "<group>"; };
		41D41A302BF789D1009ADC84 /* UIApplication.swift */ = {isa = PBXFileReference; lastKnownFileType = sourcecode.swift; path = UIApplication.swift; sourceTree = "<group>"; };
		41DCA1F02BEBEC6E00D7AB11 /* CoinRowView.swift */ = {isa = PBXFileReference; lastKnownFileType = sourcecode.swift; path = CoinRowView.swift; sourceTree = "<group>"; };
		41DCA1F22BEBEE3A00D7AB11 /* PreviewProvider.swift */ = {isa = PBXFileReference; lastKnownFileType = sourcecode.swift; path = PreviewProvider.swift; sourceTree = "<group>"; };
		41DCA1F42BEC036B00D7AB11 /* Double.swift */ = {isa = PBXFileReference; lastKnownFileType = sourcecode.swift; path = Double.swift; sourceTree = "<group>"; };
/* End PBXFileReference section */

/* Begin PBXFrameworksBuildPhase section */
		4137CC182BE61D1500742E45 /* Frameworks */ = {
			isa = PBXFrameworksBuildPhase;
			buildActionMask = 2147483647;
			files = (
			);
			runOnlyForDeploymentPostprocessing = 0;
		};
/* End PBXFrameworksBuildPhase section */

/* Begin PBXGroup section */
		410897B02BEF848000E152F2 /* Utilities */ = {
			isa = PBXGroup;
			children = (
				410897B12BEF84A500E152F2 /* NetworkingManager.swift */,
				41D41A2B2BF776CC009ADC84 /* LocalFileManager.swift */,
			);
			path = Utilities;
			sourceTree = "<group>";
		};
		4137CC122BE61D1500742E45 = {
			isa = PBXGroup;
			children = (
				4137CC1D2BE61D1500742E45 /* CryptoProject */,
				4137CC1C2BE61D1500742E45 /* Products */,
			);
			sourceTree = "<group>";
		};
		4137CC1C2BE61D1500742E45 /* Products */ = {
			isa = PBXGroup;
			children = (
				4137CC1B2BE61D1500742E45 /* CryptoProject.app */,
			);
			name = Products;
			sourceTree = "<group>";
		};
		4137CC1D2BE61D1500742E45 /* CryptoProject */ = {
			isa = PBXGroup;
			children = (
				4137CC1E2BE61D1500742E45 /* CryptoProjectApp.swift */,
				410897B02BEF848000E152F2 /* Utilities */,
				4137CC2F2BE63E4C00742E45 /* Core */,
				4137CC2C2BE6250A00742E45 /* Extensions */,
				41BE1ECD2BEED5D400FB3467 /* Services */,
				4137CC3C2BE65FE000742E45 /* Models */,
				4137CC222BE61D1700742E45 /* Assets.xcassets */,
				4137CC242BE61D1700742E45 /* Preview Content */,
			);
			path = CryptoProject;
			sourceTree = "<group>";
		};
		4137CC242BE61D1700742E45 /* Preview Content */ = {
			isa = PBXGroup;
			children = (
				4137CC252BE61D1700742E45 /* Preview Assets.xcassets */,
			);
			path = "Preview Content";
			sourceTree = "<group>";
		};
		4137CC2C2BE6250A00742E45 /* Extensions */ = {
			isa = PBXGroup;
			children = (
				4137CC2D2BE6252100742E45 /* Color.swift */,
				41DCA1F22BEBEE3A00D7AB11 /* PreviewProvider.swift */,
				41DCA1F42BEC036B00D7AB11 /* Double.swift */,
				41D41A302BF789D1009ADC84 /* UIApplication.swift */,
			);
			path = Extensions;
			sourceTree = "<group>";
		};
		4137CC2F2BE63E4C00742E45 /* Core */ = {
			isa = PBXGroup;
			children = (
				4137CC342BE647BC00742E45 /* Components */,
				4137CC302BE63E6800742E45 /* Home */,
			);
			path = Core;
			sourceTree = "<group>";
		};
		4137CC302BE63E6800742E45 /* Home */ = {
			isa = PBXGroup;
			children = (
				4137CC322BE63E8400742E45 /* Views */,
				4137CC312BE63E6F00742E45 /* ViewModels */,
			);
			path = Home;
			sourceTree = "<group>";
		};
		4137CC312BE63E6F00742E45 /* ViewModels */ = {
			isa = PBXGroup;
			children = (
				41D046A92BECDF4300108B49 /* HomeViewModel.swift */,
			);
			path = ViewModels;
			sourceTree = "<group>";
		};
		4137CC322BE63E8400742E45 /* Views */ = {
			isa = PBXGroup;
			children = (
				4137CC202BE61D1500742E45 /* HomeView.swift */,
				41C211F42C49C89E009823BD /* WalletView.swift */,
				41C211F62C49CC32009823BD /* SettingsView.swift */,
				41C211F82C49D04E009823BD /* UserProfileView.swift */,
				41DCA1F02BEBEC6E00D7AB11 /* CoinRowView.swift */,
			);
			path = Views;
			sourceTree = "<group>";
		};
		4137CC342BE647BC00742E45 /* Components */ = {
			isa = PBXGroup;
			children = (
				41D41A2D2BF78116009ADC84 /* SearchBar */,
				41CCA12C2BEFFEA300416E05 /* CoinImage */,
				4137CC352BE647CA00742E45 /* CircleButton */,
			);
			path = Components;
			sourceTree = "<group>";
		};
		4137CC352BE647CA00742E45 /* CircleButton */ = {
			isa = PBXGroup;
			children = (
				4137CC382BE6480A00742E45 /* CircleButtonView.swift */,
				4137CC3A2BE6561100742E45 /* CircleButtonAnimationView.swift */,
			);
			path = CircleButton;
			sourceTree = "<group>";
		};
		4137CC3C2BE65FE000742E45 /* Models */ = {
			isa = PBXGroup;
			children = (
				4137CC3D2BE65FFC00742E45 /* CoinModel.swift */,
			);
			path = Models;
			sourceTree = "<group>";
		};
		41BE1ECD2BEED5D400FB3467 /* Services */ = {
			isa = PBXGroup;
			children = (
				41BE1ECE2BEED5FD00FB3467 /* CoinDataService.swift */,
				41CCA12F2BF00D9800416E05 /* CoinImageService.swift */,
			);
			path = Services;
			sourceTree = "<group>";
		};
		41CCA12C2BEFFEA300416E05 /* CoinImage */ = {
			isa = PBXGroup;
			children = (
				41CCA12D2BEFFEBD00416E05 /* CoinImageView.swift */,
				41CCA1312BF012E900416E05 /* CoinImageViewModel.swift */,
			);
			path = CoinImage;
			sourceTree = "<group>";
		};
		41D41A2D2BF78116009ADC84 /* SearchBar */ = {
			isa = PBXGroup;
			children = (
				41D41A2E2BF78130009ADC84 /* SearchBarView.swift */,
			);
			path = SearchBar;
			sourceTree = "<group>";
		};
/* End PBXGroup section */

/* Begin PBXNativeTarget section */
		4137CC1A2BE61D1500742E45 /* CryptoProject */ = {
			isa = PBXNativeTarget;
			buildConfigurationList = 4137CC292BE61D1700742E45 /* Build configuration list for PBXNativeTarget "CryptoProject" */;
			buildPhases = (
				4137CC172BE61D1500742E45 /* Sources */,
				4137CC182BE61D1500742E45 /* Frameworks */,
				4137CC192BE61D1500742E45 /* Resources */,
			);
			buildRules = (
			);
			dependencies = (
			);
			name = CryptoProject;
			productName = CryptoProject;
			productReference = 4137CC1B2BE61D1500742E45 /* CryptoProject.app */;
			productType = "com.apple.product-type.application";
		};
/* End PBXNativeTarget section */

/* Begin PBXProject section */
		4137CC132BE61D1500742E45 /* Project object */ = {
			isa = PBXProject;
			attributes = {
				BuildIndependentTargetsInParallel = 1;
				LastSwiftUpdateCheck = 1430;
				LastUpgradeCheck = 1430;
				TargetAttributes = {
					4137CC1A2BE61D1500742E45 = {
						CreatedOnToolsVersion = 14.3;
					};
				};
			};
			buildConfigurationList = 4137CC162BE61D1500742E45 /* Build configuration list for PBXProject "CryptoProject" */;
			compatibilityVersion = "Xcode 14.0";
			developmentRegion = en;
			hasScannedForEncodings = 0;
			knownRegions = (
				en,
				Base,
			);
			mainGroup = 4137CC122BE61D1500742E45;
			productRefGroup = 4137CC1C2BE61D1500742E45 /* Products */;
			projectDirPath = "";
			projectRoot = "";
			targets = (
				4137CC1A2BE61D1500742E45 /* CryptoProject */,
			);
		};
/* End PBXProject section */

/* Begin PBXResourcesBuildPhase section */
		4137CC192BE61D1500742E45 /* Resources */ = {
			isa = PBXResourcesBuildPhase;
			buildActionMask = 2147483647;
			files = (
				4137CC262BE61D1700742E45 /* Preview Assets.xcassets in Resources */,
				4137CC232BE61D1700742E45 /* Assets.xcassets in Resources */,
			);
			runOnlyForDeploymentPostprocessing = 0;
		};
/* End PBXResourcesBuildPhase section */

/* Begin PBXSourcesBuildPhase section */
		4137CC172BE61D1500742E45 /* Sources */ = {
			isa = PBXSourcesBuildPhase;
			buildActionMask = 2147483647;
			files = (
				41D41A312BF789D1009ADC84 /* UIApplication.swift in Sources */,
				41CCA1322BF012E900416E05 /* CoinImageViewModel.swift in Sources */,
				41CCA12E2BEFFEBD00416E05 /* CoinImageView.swift in Sources */,
				41C211F52C49C89E009823BD /* WalletView.swift in Sources */,
				4137CC212BE61D1500742E45 /* HomeView.swift in Sources */,
				41C211F72C49CC32009823BD /* SettingsView.swift in Sources */,
				4137CC1F2BE61D1500742E45 /* CryptoProjectApp.swift in Sources */,
				41C211F92C49D04E009823BD /* UserProfileView.swift in Sources */,
				4137CC3B2BE6561100742E45 /* CircleButtonAnimationView.swift in Sources */,
				41D046AA2BECDF4300108B49 /* HomeViewModel.swift in Sources */,
				4137CC392BE6480A00742E45 /* CircleButtonView.swift in Sources */,
				41D41A2C2BF776CC009ADC84 /* LocalFileManager.swift in Sources */,
				4137CC3E2BE65FFC00742E45 /* CoinModel.swift in Sources */,
				41DCA1F32BEBEE3A00D7AB11 /* PreviewProvider.swift in Sources */,
				41DCA1F12BEBEC6E00D7AB11 /* CoinRowView.swift in Sources */,
				41DCA1F52BEC036B00D7AB11 /* Double.swift in Sources */,
				410897B22BEF84A500E152F2 /* NetworkingManager.swift in Sources */,
				4137CC2E2BE6252100742E45 /* Color.swift in Sources */,
				41CCA1302BF00D9800416E05 /* CoinImageService.swift in Sources */,
				41D41A2F2BF78130009ADC84 /* SearchBarView.swift in Sources */,
				41BE1ECF2BEED5FD00FB3467 /* CoinDataService.swift in Sources */,
			);
			runOnlyForDeploymentPostprocessing = 0;
		};
/* End PBXSourcesBuildPhase section */

/* Begin XCBuildConfiguration section */
		4137CC272BE61D1700742E45 /* Debug */ = {
			isa = XCBuildConfiguration;
			buildSettings = {
				ALWAYS_SEARCH_USER_PATHS = NO;
				CLANG_ANALYZER_NONNULL = YES;
				CLANG_ANALYZER_NUMBER_OBJECT_CONVERSION = YES_AGGRESSIVE;
				CLANG_CXX_LANGUAGE_STANDARD = "gnu++20";
				CLANG_ENABLE_MODULES = YES;
				CLANG_ENABLE_OBJC_ARC = YES;
				CLANG_ENABLE_OBJC_WEAK = YES;
				CLANG_WARN_BLOCK_CAPTURE_AUTORELEASING = YES;
				CLANG_WARN_BOOL_CONVERSION = YES;
				CLANG_WARN_COMMA = YES;
				CLANG_WARN_CONSTANT_CONVERSION = YES;
				CLANG_WARN_DEPRECATED_OBJC_IMPLEMENTATIONS = YES;
				CLANG_WARN_DIRECT_OBJC_ISA_USAGE = YES_ERROR;
				CLANG_WARN_DOCUMENTATION_COMMENTS = YES;
				CLANG_WARN_EMPTY_BODY = YES;
				CLANG_WARN_ENUM_CONVERSION = YES;
				CLANG_WARN_INFINITE_RECURSION = YES;
				CLANG_WARN_INT_CONVERSION = YES;
				CLANG_WARN_NON_LITERAL_NULL_CONVERSION = YES;
				CLANG_WARN_OBJC_IMPLICIT_RETAIN_SELF = YES;
				CLANG_WARN_OBJC_LITERAL_CONVERSION = YES;
				CLANG_WARN_OBJC_ROOT_CLASS = YES_ERROR;
				CLANG_WARN_QUOTED_INCLUDE_IN_FRAMEWORK_HEADER = YES;
				CLANG_WARN_RANGE_LOOP_ANALYSIS = YES;
				CLANG_WARN_STRICT_PROTOTYPES = YES;
				CLANG_WARN_SUSPICIOUS_MOVE = YES;
				CLANG_WARN_UNGUARDED_AVAILABILITY = YES_AGGRESSIVE;
				CLANG_WARN_UNREACHABLE_CODE = YES;
				CLANG_WARN__DUPLICATE_METHOD_MATCH = YES;
				COPY_PHASE_STRIP = NO;
				DEBUG_INFORMATION_FORMAT = dwarf;
				ENABLE_STRICT_OBJC_MSGSEND = YES;
				ENABLE_TESTABILITY = YES;
				GCC_C_LANGUAGE_STANDARD = gnu11;
				GCC_DYNAMIC_NO_PIC = NO;
				GCC_NO_COMMON_BLOCKS = YES;
				GCC_OPTIMIZATION_LEVEL = 0;
				GCC_PREPROCESSOR_DEFINITIONS = (
					"DEBUG=1",
					"$(inherited)",
				);
				GCC_WARN_64_TO_32_BIT_CONVERSION = YES;
				GCC_WARN_ABOUT_RETURN_TYPE = YES_ERROR;
				GCC_WARN_UNDECLARED_SELECTOR = YES;
				GCC_WARN_UNINITIALIZED_AUTOS = YES_AGGRESSIVE;
				GCC_WARN_UNUSED_FUNCTION = YES;
				GCC_WARN_UNUSED_VARIABLE = YES;
				IPHONEOS_DEPLOYMENT_TARGET = 16.4;
				MTL_ENABLE_DEBUG_INFO = INCLUDE_SOURCE;
				MTL_FAST_MATH = YES;
				ONLY_ACTIVE_ARCH = YES;
				SDKROOT = iphoneos;
				SWIFT_ACTIVE_COMPILATION_CONDITIONS = DEBUG;
				SWIFT_OPTIMIZATION_LEVEL = "-Onone";
			};
			name = Debug;
		};
		4137CC282BE61D1700742E45 /* Release */ = {
			isa = XCBuildConfiguration;
			buildSettings = {
				ALWAYS_SEARCH_USER_PATHS = NO;
				CLANG_ANALYZER_NONNULL = YES;
				CLANG_ANALYZER_NUMBER_OBJECT_CONVERSION = YES_AGGRESSIVE;
				CLANG_CXX_LANGUAGE_STANDARD = "gnu++20";
				CLANG_ENABLE_MODULES = YES;
				CLANG_ENABLE_OBJC_ARC = YES;
				CLANG_ENABLE_OBJC_WEAK = YES;
				CLANG_WARN_BLOCK_CAPTURE_AUTORELEASING = YES;
				CLANG_WARN_BOOL_CONVERSION = YES;
				CLANG_WARN_COMMA = YES;
				CLANG_WARN_CONSTANT_CONVERSION = YES;
				CLANG_WARN_DEPRECATED_OBJC_IMPLEMENTATIONS = YES;
				CLANG_WARN_DIRECT_OBJC_ISA_USAGE = YES_ERROR;
				CLANG_WARN_DOCUMENTATION_COMMENTS = YES;
				CLANG_WARN_EMPTY_BODY = YES;
				CLANG_WARN_ENUM_CONVERSION = YES;
				CLANG_WARN_INFINITE_RECURSION = YES;
				CLANG_WARN_INT_CONVERSION = YES;
				CLANG_WARN_NON_LITERAL_NULL_CONVERSION = YES;
				CLANG_WARN_OBJC_IMPLICIT_RETAIN_SELF = YES;
				CLANG_WARN_OBJC_LITERAL_CONVERSION = YES;
				CLANG_WARN_OBJC_ROOT_CLASS = YES_ERROR;
				CLANG_WARN_QUOTED_INCLUDE_IN_FRAMEWORK_HEADER = YES;
				CLANG_WARN_RANGE_LOOP_ANALYSIS = YES;
				CLANG_WARN_STRICT_PROTOTYPES = YES;
				CLANG_WARN_SUSPICIOUS_MOVE = YES;
				CLANG_WARN_UNGUARDED_AVAILABILITY = YES_AGGRESSIVE;
				CLANG_WARN_UNREACHABLE_CODE = YES;
				CLANG_WARN__DUPLICATE_METHOD_MATCH = YES;
				COPY_PHASE_STRIP = NO;
				DEBUG_INFORMATION_FORMAT = "dwarf-with-dsym";
				ENABLE_NS_ASSERTIONS = NO;
				ENABLE_STRICT_OBJC_MSGSEND = YES;
				GCC_C_LANGUAGE_STANDARD = gnu11;
				GCC_NO_COMMON_BLOCKS = YES;
				GCC_WARN_64_TO_32_BIT_CONVERSION = YES;
				GCC_WARN_ABOUT_RETURN_TYPE = YES_ERROR;
				GCC_WARN_UNDECLARED_SELECTOR = YES;
				GCC_WARN_UNINITIALIZED_AUTOS = YES_AGGRESSIVE;
				GCC_WARN_UNUSED_FUNCTION = YES;
				GCC_WARN_UNUSED_VARIABLE = YES;
				IPHONEOS_DEPLOYMENT_TARGET = 16.4;
				MTL_ENABLE_DEBUG_INFO = NO;
				MTL_FAST_MATH = YES;
				SDKROOT = iphoneos;
				SWIFT_COMPILATION_MODE = wholemodule;
				SWIFT_OPTIMIZATION_LEVEL = "-O";
				VALIDATE_PRODUCT = YES;
			};
			name = Release;
		};
		4137CC2A2BE61D1700742E45 /* Debug */ = {
			isa = XCBuildConfiguration;
			buildSettings = {
				ASSETCATALOG_COMPILER_APPICON_NAME = AppIcon;
				ASSETCATALOG_COMPILER_GLOBAL_ACCENT_COLOR_NAME = AccentColor;
				CODE_SIGN_STYLE = Automatic;
				CURRENT_PROJECT_VERSION = 1;
				DEVELOPMENT_ASSET_PATHS = "\"CryptoProject/Preview Content\"";
				DEVELOPMENT_TEAM = PTTK7SFSN5;
				ENABLE_PREVIEWS = YES;
				GENERATE_INFOPLIST_FILE = YES;
				INFOPLIST_KEY_UIApplicationSceneManifest_Generation = YES;
				INFOPLIST_KEY_UIApplicationSupportsIndirectInputEvents = YES;
				INFOPLIST_KEY_UILaunchScreen_Generation = YES;
				INFOPLIST_KEY_UISupportedInterfaceOrientations = UIInterfaceOrientationPortrait;
				LD_RUNPATH_SEARCH_PATHS = (
					"$(inherited)",
					"@executable_path/Frameworks",
				);
				MARKETING_VERSION = 1.0;
				PRODUCT_BUNDLE_IDENTIFIER = ios.abdulkareem.CryptoProject;
				PRODUCT_NAME = "$(TARGET_NAME)";
				SWIFT_EMIT_LOC_STRINGS = YES;
				SWIFT_VERSION = 5.0;
				TARGETED_DEVICE_FAMILY = "1,2";
			};
			name = Debug;
		};
		4137CC2B2BE61D1700742E45 /* Release */ = {
			isa = XCBuildConfiguration;
			buildSettings = {
				ASSETCATALOG_COMPILER_APPICON_NAME = AppIcon;
				ASSETCATALOG_COMPILER_GLOBAL_ACCENT_COLOR_NAME = AccentColor;
				CODE_SIGN_STYLE = Automatic;
				CURRENT_PROJECT_VERSION = 1;
				DEVELOPMENT_ASSET_PATHS = "\"CryptoProject/Preview Content\"";
				DEVELOPMENT_TEAM = PTTK7SFSN5;
				ENABLE_PREVIEWS = YES;
				GENERATE_INFOPLIST_FILE = YES;
				INFOPLIST_KEY_UIApplicationSceneManifest_Generation = YES;
				INFOPLIST_KEY_UIApplicationSupportsIndirectInputEvents = YES;
				INFOPLIST_KEY_UILaunchScreen_Generation = YES;
				INFOPLIST_KEY_UISupportedInterfaceOrientations = UIInterfaceOrientationPortrait;
				LD_RUNPATH_SEARCH_PATHS = (
					"$(inherited)",
					"@executable_path/Frameworks",
				);
				MARKETING_VERSION = 1.0;
				PRODUCT_BUNDLE_IDENTIFIER = ios.abdulkareem.CryptoProject;
				PRODUCT_NAME = "$(TARGET_NAME)";
				SWIFT_EMIT_LOC_STRINGS = YES;
				SWIFT_VERSION = 5.0;
				TARGETED_DEVICE_FAMILY = "1,2";
			};
			name = Release;
		};
/* End XCBuildConfiguration section */

/* Begin XCConfigurationList section */
		4137CC162BE61D1500742E45 /* Build configuration list for PBXProject "CryptoProject" */ = {
			isa = XCConfigurationList;
			buildConfigurations = (
				4137CC272BE61D1700742E45 /* Debug */,
				4137CC282BE61D1700742E45 /* Release */,
			);
			defaultConfigurationIsVisible = 0;
			defaultConfigurationName = Release;
		};
		4137CC292BE61D1700742E45 /* Build configuration list for PBXNativeTarget "CryptoProject" */ = {
			isa = XCConfigurationList;
			buildConfigurations = (
				4137CC2A2BE61D1700742E45 /* Debug */,
				4137CC2B2BE61D1700742E45 /* Release */,
			);
			defaultConfigurationIsVisible = 0;
			defaultConfigurationName = Release;
		};
/* End XCConfigurationList section */
	};
	rootObject = 4137CC132BE61D1500742E45 /* Project object */;
}
